
Microsoft Visual Studio Solution File, Format Version 12.00
# Visual Studio 14
VisualStudioVersion = 14.0.25420.1
MinimumVisualStudioVersion = 10.0.40219.1
Project("{FAE04EC0-301F-11D3-BF4B-00C04F79EFBC}") = "STS", "STS\STS.csproj", "{710925A1-FB16-424F-8AB5-30E897BCD139}"
EndProject
Project("{FAE04EC0-301F-11D3-BF4B-00C04F79EFBC}") = "STSWebHost", "STSWebHost\STSWebHost.csproj", "{680685E6-0119-4E72-B239-A9F54F8A51D0}"
EndProject
Project("{FAE04EC0-301F-11D3-BF4B-00C04F79EFBC}") = "RelyingPartyApp", "RelyingPartyApp\RelyingPartyApp.csproj", "{A46D4EFE-7138-4966-A0D6-0557BF0D1BCC}"
	ProjectSection(ProjectDependencies) = postProject
		{55457491-05C5-45AB-94C1-4CA0E50127DE} = {55457491-05C5-45AB-94C1-4CA0E50127DE}
	EndProjectSection
EndProject
Project("{FAE04EC0-301F-11D3-BF4B-00C04F79EFBC}") = "SampleServiceOne", "SampleServiceOne\SampleServiceOne.csproj", "{41A8A601-E8E0-4E16-B447-2AE5021FCFDD}"
EndProject
Project("{FAE04EC0-301F-11D3-BF4B-00C04F79EFBC}") = "SampleServiceTwo", "SampleServiceTwo\SampleServiceTwo.csproj", "{7A2662E2-62A2-4660-BAE3-7D34B515091B}"
EndProject
Project("{FAE04EC0-301F-11D3-BF4B-00C04F79EFBC}") = "SampleBaseService", "SampleBaseService\SampleBaseService.csproj", "{D02DE318-0E05-46F6-8979-0044D389FD35}"
EndProject
Project("{FAE04EC0-301F-11D3-BF4B-00C04F79EFBC}") = "SampleServiceApi", "SampleServiceApi\SampleServiceApi.csproj", "{ACA356FB-A921-44C9-A1ED-99399F25EBD1}"
EndProject
Project("{FAE04EC0-301F-11D3-BF4B-00C04F79EFBC}") = "Saml20STS", "Saml20STS\Saml20STS.csproj", "{71D6EACE-FCFD-4B7E-9E8F-E02125DD1385}"
EndProject
Project("{FAE04EC0-301F-11D3-BF4B-00C04F79EFBC}") = "MyCalculatorService", "MyCalculatorService\MyCalculatorService.csproj", "{55457491-05C5-45AB-94C1-4CA0E50127DE}"
EndProject
Global
	GlobalSection(SolutionConfigurationPlatforms) = preSolution
		Debug|Any CPU = Debug|Any CPU
		Release|Any CPU = Release|Any CPU
	EndGlobalSection
	GlobalSection(ProjectConfigurationPlatforms) = postSolution
		{710925A1-FB16-424F-8AB5-30E897BCD139}.Debug|Any CPU.ActiveCfg = Debug|Any CPU
		{710925A1-FB16-424F-8AB5-30E897BCD139}.Debug|Any CPU.Build.0 = Debug|Any CPU
		{710925A1-FB16-424F-8AB5-30E897BCD139}.Release|Any CPU.ActiveCfg = Release|Any CPU
		{710925A1-FB16-424F-8AB5-30E897BCD139}.Release|Any CPU.Build.0 = Release|Any CPU
		{680685E6-0119-4E72-B239-A9F54F8A51D0}.Debug|Any CPU.ActiveCfg = Debug|Any CPU
		{680685E6-0119-4E72-B239-A9F54F8A51D0}.Debug|Any CPU.Build.0 = Debug|Any CPU
		{680685E6-0119-4E72-B239-A9F54F8A51D0}.Release|Any CPU.ActiveCfg = Release|Any CPU
		{680685E6-0119-4E72-B239-A9F54F8A51D0}.Release|Any CPU.Build.0 = Release|Any CPU
		{A46D4EFE-7138-4966-A0D6-0557BF0D1BCC}.Debug|Any CPU.ActiveCfg = Debug|Any CPU
		{A46D4EFE-7138-4966-A0D6-0557BF0D1BCC}.Debug|Any CPU.Build.0 = Debug|Any CPU
		{A46D4EFE-7138-4966-A0D6-0557BF0D1BCC}.Release|Any CPU.ActiveCfg = Release|Any CPU
		{A46D4EFE-7138-4966-A0D6-0557BF0D1BCC}.Release|Any CPU.Build.0 = Release|Any CPU
		{41A8A601-E8E0-4E16-B447-2AE5021FCFDD}.Debug|Any CPU.ActiveCfg = Debug|Any CPU
		{41A8A601-E8E0-4E16-B447-2AE5021FCFDD}.Debug|Any CPU.Build.0 = Debug|Any CPU
		{41A8A601-E8E0-4E16-B447-2AE5021FCFDD}.Release|Any CPU.ActiveCfg = Release|Any CPU
		{41A8A601-E8E0-4E16-B447-2AE5021FCFDD}.Release|Any CPU.Build.0 = Release|Any CPU
		{7A2662E2-62A2-4660-BAE3-7D34B515091B}.Debug|Any CPU.ActiveCfg = Debug|Any CPU
		{7A2662E2-62A2-4660-BAE3-7D34B515091B}.Debug|Any CPU.Build.0 = Debug|Any CPU
		{7A2662E2-62A2-4660-BAE3-7D34B515091B}.Release|Any CPU.ActiveCfg = Release|Any CPU
		{7A2662E2-62A2-4660-BAE3-7D34B515091B}.Release|Any CPU.Build.0 = Release|Any CPU
		{D02DE318-0E05-46F6-8979-0044D389FD35}.Debug|Any CPU.ActiveCfg = Debug|Any CPU
		{D02DE318-0E05-46F6-8979-0044D389FD35}.Debug|Any CPU.Build.0 = Debug|Any CPU
		{D02DE318-0E05-46F6-8979-0044D389FD35}.Release|Any CPU.ActiveCfg = Release|Any CPU
		{D02DE318-0E05-46F6-8979-0044D389FD35}.Release|Any CPU.Build.0 = Release|Any CPU
		{ACA356FB-A921-44C9-A1ED-99399F25EBD1}.Debug|Any CPU.ActiveCfg = Debug|Any CPU
		{ACA356FB-A921-44C9-A1ED-99399F25EBD1}.Debug|Any CPU.Build.0 = Debug|Any CPU
		{ACA356FB-A921-44C9-A1ED-99399F25EBD1}.Release|Any CPU.ActiveCfg = Release|Any CPU
		{ACA356FB-A921-44C9-A1ED-99399F25EBD1}.Release|Any CPU.Build.0 = Release|Any CPU
		{71D6EACE-FCFD-4B7E-9E8F-E02125DD1385}.Debug|Any CPU.ActiveCfg = Debug|Any CPU
		{71D6EACE-FCFD-4B7E-9E8F-E02125DD1385}.Debug|Any CPU.Build.0 = Debug|Any CPU
		{71D6EACE-FCFD-4B7E-9E8F-E02125DD1385}.Release|Any CPU.ActiveCfg = Release|Any CPU
		{71D6EACE-FCFD-4B7E-9E8F-E02125DD1385}.Release|Any CPU.Build.0 = Release|Any CPU
		{55457491-05C5-45AB-94C1-4CA0E50127DE}.Debug|Any CPU.ActiveCfg = Debug|Any CPU
		{55457491-05C5-45AB-94C1-4CA0E50127DE}.Debug|Any CPU.Build.0 = Debug|Any CPU
		{55457491-05C5-45AB-94C1-4CA0E50127DE}.Release|Any CPU.ActiveCfg = Release|Any CPU
		{55457491-05C5-45AB-94C1-4CA0E50127DE}.Release|Any CPU.Build.0 = Release|Any CPU
	EndGlobalSection
	GlobalSection(SolutionProperties) = preSolution
		HideSolutionNode = FALSE
	EndGlobalSection
EndGlobal
